
Microsoft Visual Studio Solution File, Format Version 12.00
# Visual Studio Version 16
VisualStudioVersion = 16.0.31702.278
MinimumVisualStudioVersion = 10.0.40219.1
Project("{FAE04EC0-301F-11D3-BF4B-00C04F79EFBC}") = "MPI-k permutation with condition", "MPI-k permutation with condition\MPI-k permutation with condition.csproj", "{D117D5DA-CAAD-49AF-9005-933D065996E8}"
EndProject
Global
	GlobalSection(SolutionConfigurationPlatforms) = preSolution
		Debug|Any CPU = Debug|Any CPU
		Release|Any CPU = Release|Any CPU
	EndGlobalSection
	GlobalSection(ProjectConfigurationPlatforms) = postSolution
		{D117D5DA-CAAD-49AF-9005-933D065996E8}.Debug|Any CPU.ActiveCfg = Debug|Any CPU
		{D117D5DA-CAAD-49AF-9005-933D065996E8}.Debug|Any CPU.Build.0 = Debug|Any CPU
		{D117D5DA-CAAD-49AF-9005-933D065996E8}.Release|Any CPU.ActiveCfg = Release|Any CPU
		{D117D5DA-CAAD-49AF-9005-933D065996E8}.Release|Any CPU.Build.0 = Release|Any CPU
	EndGlobalSection
	GlobalSection(SolutionProperties) = preSolution
		HideSolutionNode = FALSE
	EndGlobalSection
	GlobalSection(ExtensibilityGlobals) = postSolution
		SolutionGuid = {48B6DB4B-53A6-43BB-A941-03C59B6D7E8C}
	EndGlobalSection
EndGlobal
