
Microsoft Visual Studio Solution File, Format Version 12.00
# Visual Studio Version 16
VisualStudioVersion = 16.0.31702.278
MinimumVisualStudioVersion = 10.0.40219.1
Project("{FAE04EC0-301F-11D3-BF4B-00C04F79EFBC}") = "T-numere prime", "T-numere prime\T-numere prime.csproj", "{5653E0A9-A9ED-4707-ABC1-A264D6E785EE}"
EndProject
Global
	GlobalSection(SolutionConfigurationPlatforms) = preSolution
		Debug|Any CPU = Debug|Any CPU
		Release|Any CPU = Release|Any CPU
	EndGlobalSection
	GlobalSection(ProjectConfigurationPlatforms) = postSolution
		{5653E0A9-A9ED-4707-ABC1-A264D6E785EE}.Debug|Any CPU.ActiveCfg = Debug|Any CPU
		{5653E0A9-A9ED-4707-ABC1-A264D6E785EE}.Debug|Any CPU.Build.0 = Debug|Any CPU
		{5653E0A9-A9ED-4707-ABC1-A264D6E785EE}.Release|Any CPU.ActiveCfg = Release|Any CPU
		{5653E0A9-A9ED-4707-ABC1-A264D6E785EE}.Release|Any CPU.Build.0 = Release|Any CPU
	EndGlobalSection
	GlobalSection(SolutionProperties) = preSolution
		HideSolutionNode = FALSE
	EndGlobalSection
	GlobalSection(ExtensibilityGlobals) = postSolution
		SolutionGuid = {BC4BFC16-90CA-4953-8A42-9D2D46C76761}
	EndGlobalSection
EndGlobal
